// !$*UTF8*$!
{
	archiveVersion = 1;
	classes = {
	};
	objectVersion = 45;
	objects = {

/* Begin PBXBuildFile section */
		1D3623260D0F684500981E51 /* FGalleryAppDelegate.m in Sources */ = {isa = PBXBuildFile; fileRef = 1D3623250D0F684500981E51 /* FGalleryAppDelegate.m */; };
		1D60589B0D05DD56006BFB54 /* main.m in Sources */ = {isa = PBXBuildFile; fileRef = 29B97316FDCFA39411CA2CEA /* main.m */; };
		1D60589F0D05DD5A006BFB54 /* Foundation.framework in Frameworks */ = {isa = PBXBuildFile; fileRef = 1D30AB110D05D00D00671497 /* Foundation.framework */; };
		1DF5F4E00D08C38300B7A737 /* UIKit.framework in Frameworks */ = {isa = PBXBuildFile; fileRef = 1DF5F4DF0D08C38300B7A737 /* UIKit.framework */; };
		2892E4100DC94CBA00A64D0F /* CoreGraphics.framework in Frameworks */ = {isa = PBXBuildFile; fileRef = 2892E40F0DC94CBA00A64D0F /* CoreGraphics.framework */; };
		28AD73600D9D9599002E5188 /* MainWindow.xib in Resources */ = {isa = PBXBuildFile; fileRef = 28AD735F0D9D9599002E5188 /* MainWindow.xib */; };
		28C286E10D94DF7D0034E888 /* RootViewController.m in Sources */ = {isa = PBXBuildFile; fileRef = 28C286E00D94DF7D0034E888 /* RootViewController.m */; };
		28F335F11007B36200424DE2 /* RootViewController.xib in Resources */ = {isa = PBXBuildFile; fileRef = 28F335F01007B36200424DE2 /* RootViewController.xib */; };
		775D12D712D68D7200872F74 /* photo-gallery-trashcan.png in Resources */ = {isa = PBXBuildFile; fileRef = 775D12D312D68D7200872F74 /* photo-gallery-trashcan.png */; };
		775D12D812D68D7200872F74 /* photo-gallery-right.png in Resources */ = {isa = PBXBuildFile; fileRef = 775D12D412D68D7200872F74 /* photo-gallery-right.png */; };
		775D12D912D68D7200872F74 /* photo-gallery-left.png in Resources */ = {isa = PBXBuildFile; fileRef = 775D12D512D68D7200872F74 /* photo-gallery-left.png */; };
		775D12DA12D68D7200872F74 /* photo-gallery-edit-caption.png in Resources */ = {isa = PBXBuildFile; fileRef = 775D12D612D68D7200872F74 /* photo-gallery-edit-caption.png */; };
		77AC3F4412D66ACF004C32B8 /* FGalleryPhotoView.m in Sources */ = {isa = PBXBuildFile; fileRef = 77AC3F4012D66ACF004C32B8 /* FGalleryPhotoView.m */; };
		77AC3F4512D66ACF004C32B8 /* FGalleryViewController.m in Sources */ = {isa = PBXBuildFile; fileRef = 77AC3F4212D66ACF004C32B8 /* FGalleryViewController.m */; };
		77AC3F5512D670D8004C32B8 /* QuartzCore.framework in Frameworks */ = {isa = PBXBuildFile; fileRef = 77AC3F5412D670D8004C32B8 /* QuartzCore.framework */; };
		77FCB8BD12D7936A00AAAFF3 /* audi.jpg in Resources */ = {isa = PBXBuildFile; fileRef = 77FCB8BC12D7936A00AAAFF3 /* audi.jpg */; };
		77FCB8C912D793E100AAAFF3 /* hawaii.jpeg in Resources */ = {isa = PBXBuildFile; fileRef = 77FCB8C812D793E100AAAFF3 /* hawaii.jpeg */; };
		77FCB8D012D794C000AAAFF3 /* lava.jpeg in Resources */ = {isa = PBXBuildFile; fileRef = 77FCB8CF12D794C000AAAFF3 /* lava.jpeg */; };
		800CDDCE1481BE8700FD3964 /* FGalleryVideoView.m in Sources */ = {isa = PBXBuildFile; fileRef = 800CDDCD1481BE8700FD3964 /* FGalleryVideoView.m */; };
		800CDDD11481C03100FD3964 /* AVFoundation.framework in Frameworks */ = {isa = PBXBuildFile; fileRef = 800CDDCF1481C01700FD3964 /* AVFoundation.framework */; };
		800CDDD31481C05B00FD3964 /* CoreMedia.framework in Frameworks */ = {isa = PBXBuildFile; fileRef = 800CDDD21481C05B00FD3964 /* CoreMedia.framework */; };
		800CDDD61482AF4D00FD3964 /* PauseButton.png in Resources */ = {isa = PBXBuildFile; fileRef = 800CDDD41482AF4D00FD3964 /* PauseButton.png */; };
		800CDDD71482AF4D00FD3964 /* PlayButton.png in Resources */ = {isa = PBXBuildFile; fileRef = 800CDDD51482AF4D00FD3964 /* PlayButton.png */; };
		80A6B110143E501C00CD47D0 /* MediaObject.m in Sources */ = {isa = PBXBuildFile; fileRef = 80A6B10F143E501C00CD47D0 /* MediaObject.m */; };
		80A6B113143E784300CD47D0 /* FGalleryMedia.m in Sources */ = {isa = PBXBuildFile; fileRef = 80A6B112143E784300CD47D0 /* FGalleryMedia.m */; };
		80A6B11E143EC3E700CD47D0 /* MediaPlayer.framework in Frameworks */ = {isa = PBXBuildFile; fileRef = 80A6B11C143EC3D700CD47D0 /* MediaPlayer.framework */; };
		80A6B122143EC61800CD47D0 /* haku.mov in Resources */ = {isa = PBXBuildFile; fileRef = 80A6B121143EC61800CD47D0 /* haku.mov */; };
		80A6B124143EC66100CD47D0 /* haku.png in Resources */ = {isa = PBXBuildFile; fileRef = 80A6B123143EC66100CD47D0 /* haku.png */; };
		80CD673B142A3C58003852A9 /* SystemConfiguration.framework in Frameworks */ = {isa = PBXBuildFile; fileRef = 80CD673A142A3C58003852A9 /* SystemConfiguration.framework */; };
		80CD673D142A3C5E003852A9 /* MobileCoreServices.framework in Frameworks */ = {isa = PBXBuildFile; fileRef = 80CD673C142A3C5E003852A9 /* MobileCoreServices.framework */; };
		80CD673F142A3C81003852A9 /* CFNetwork.framework in Frameworks */ = {isa = PBXBuildFile; fileRef = 80CD673E142A3C81003852A9 /* CFNetwork.framework */; };
		80CD6740142A3C8A003852A9 /* libASIHttpRequest.a in Frameworks */ = {isa = PBXBuildFile; fileRef = 80CD6737142A3C44003852A9 /* libASIHttpRequest.a */; };
		80CD6742142A3C93003852A9 /* libz.1.2.5.dylib in Frameworks */ = {isa = PBXBuildFile; fileRef = 80CD6741142A3C93003852A9 /* libz.1.2.5.dylib */; };
/* End PBXBuildFile section */

/* Begin PBXContainerItemProxy section */
		80CD6736142A3C44003852A9 /* PBXContainerItemProxy */ = {
			isa = PBXContainerItemProxy;
			containerPortal = 80CD672E142A3C44003852A9 /* ASIHttpRequest.xcodeproj */;
			proxyType = 2;
			remoteGlobalIDString = F9F9AC9113E30DBC001E2B5D;
			remoteInfo = ASIHttpRequest;
		};
		80CD6738142A3C44003852A9 /* PBXContainerItemProxy */ = {
			isa = PBXContainerItemProxy;
			containerPortal = 80CD672E142A3C44003852A9 /* ASIHttpRequest.xcodeproj */;
			proxyType = 2;
			remoteGlobalIDString = F9F9ACA113E30DBC001E2B5D;
			remoteInfo = ASIHttpRequestTests;
		};
/* End PBXContainerItemProxy section */

/* Begin PBXFileReference section */
		1D30AB110D05D00D00671497 /* Foundation.framework */ = {isa = PBXFileReference; lastKnownFileType = wrapper.framework; name = Foundation.framework; path = System/Library/Frameworks/Foundation.framework; sourceTree = SDKROOT; };
		1D3623240D0F684500981E51 /* FGalleryAppDelegate.h */ = {isa = PBXFileReference; fileEncoding = 4; lastKnownFileType = sourcecode.c.h; path = FGalleryAppDelegate.h; sourceTree = "<group>"; };
		1D3623250D0F684500981E51 /* FGalleryAppDelegate.m */ = {isa = PBXFileReference; fileEncoding = 4; lastKnownFileType = sourcecode.c.objc; path = FGalleryAppDelegate.m; sourceTree = "<group>"; };
		1D6058910D05DD3D006BFB54 /* FGallery.app */ = {isa = PBXFileReference; explicitFileType = wrapper.application; includeInIndex = 0; path = FGallery.app; sourceTree = BUILT_PRODUCTS_DIR; };
		1DF5F4DF0D08C38300B7A737 /* UIKit.framework */ = {isa = PBXFileReference; lastKnownFileType = wrapper.framework; name = UIKit.framework; path = System/Library/Frameworks/UIKit.framework; sourceTree = SDKROOT; };
		2892E40F0DC94CBA00A64D0F /* CoreGraphics.framework */ = {isa = PBXFileReference; lastKnownFileType = wrapper.framework; name = CoreGraphics.framework; path = System/Library/Frameworks/CoreGraphics.framework; sourceTree = SDKROOT; };
		28A0AAE50D9B0CCF005BE974 /* FGallery_Prefix.pch */ = {isa = PBXFileReference; fileEncoding = 4; lastKnownFileType = sourcecode.c.h; path = FGallery_Prefix.pch; sourceTree = "<group>"; };
		28AD735F0D9D9599002E5188 /* MainWindow.xib */ = {isa = PBXFileReference; lastKnownFileType = file.xib; path = MainWindow.xib; sourceTree = "<group>"; };
		28C286DF0D94DF7D0034E888 /* RootViewController.h */ = {isa = PBXFileReference; fileEncoding = 4; lastKnownFileType = sourcecode.c.h; path = RootViewController.h; sourceTree = "<group>"; };
		28C286E00D94DF7D0034E888 /* RootViewController.m */ = {isa = PBXFileReference; fileEncoding = 4; lastKnownFileType = sourcecode.c.objc; lineEnding = 0; path = RootViewController.m; sourceTree = "<group>"; xcLanguageSpecificationIdentifier = xcode.lang.objc; };
		28F335F01007B36200424DE2 /* RootViewController.xib */ = {isa = PBXFileReference; lastKnownFileType = file.xib; path = RootViewController.xib; sourceTree = "<group>"; };
		29B97316FDCFA39411CA2CEA /* main.m */ = {isa = PBXFileReference; fileEncoding = 4; lastKnownFileType = sourcecode.c.objc; path = main.m; sourceTree = "<group>"; };
		775D12D312D68D7200872F74 /* photo-gallery-trashcan.png */ = {isa = PBXFileReference; lastKnownFileType = image.png; path = "photo-gallery-trashcan.png"; sourceTree = "<group>"; };
		775D12D412D68D7200872F74 /* photo-gallery-right.png */ = {isa = PBXFileReference; lastKnownFileType = image.png; path = "photo-gallery-right.png"; sourceTree = "<group>"; };
		775D12D512D68D7200872F74 /* photo-gallery-left.png */ = {isa = PBXFileReference; lastKnownFileType = image.png; path = "photo-gallery-left.png"; sourceTree = "<group>"; };
		775D12D612D68D7200872F74 /* photo-gallery-edit-caption.png */ = {isa = PBXFileReference; lastKnownFileType = image.png; path = "photo-gallery-edit-caption.png"; sourceTree = "<group>"; };
		77AC3F3F12D66ACF004C32B8 /* FGalleryPhotoView.h */ = {isa = PBXFileReference; fileEncoding = 4; lastKnownFileType = sourcecode.c.h; path = FGalleryPhotoView.h; sourceTree = "<group>"; };
		77AC3F4012D66ACF004C32B8 /* FGalleryPhotoView.m */ = {isa = PBXFileReference; fileEncoding = 4; lastKnownFileType = sourcecode.c.objc; path = FGalleryPhotoView.m; sourceTree = "<group>"; };
		77AC3F4112D66ACF004C32B8 /* FGalleryViewController.h */ = {isa = PBXFileReference; fileEncoding = 4; lastKnownFileType = sourcecode.c.h; lineEnding = 0; path = FGalleryViewController.h; sourceTree = "<group>"; xcLanguageSpecificationIdentifier = xcode.lang.objcpp; };
		77AC3F4212D66ACF004C32B8 /* FGalleryViewController.m */ = {isa = PBXFileReference; fileEncoding = 4; lastKnownFileType = sourcecode.c.objc; lineEnding = 0; path = FGalleryViewController.m; sourceTree = "<group>"; xcLanguageSpecificationIdentifier = xcode.lang.objc; };
		77AC3F5412D670D8004C32B8 /* QuartzCore.framework */ = {isa = PBXFileReference; lastKnownFileType = wrapper.framework; name = QuartzCore.framework; path = System/Library/Frameworks/QuartzCore.framework; sourceTree = SDKROOT; };
		77FCB8BC12D7936A00AAAFF3 /* audi.jpg */ = {isa = PBXFileReference; lastKnownFileType = image.jpeg; path = audi.jpg; sourceTree = "<group>"; };
		77FCB8C812D793E100AAAFF3 /* hawaii.jpeg */ = {isa = PBXFileReference; lastKnownFileType = image.jpeg; path = hawaii.jpeg; sourceTree = "<group>"; };
		77FCB8CF12D794C000AAAFF3 /* lava.jpeg */ = {isa = PBXFileReference; lastKnownFileType = image.jpeg; path = lava.jpeg; sourceTree = "<group>"; };
		800CDDCC1481BE8700FD3964 /* FGalleryVideoView.h */ = {isa = PBXFileReference; fileEncoding = 4; lastKnownFileType = sourcecode.c.h; path = FGalleryVideoView.h; sourceTree = "<group>"; };
		800CDDCD1481BE8700FD3964 /* FGalleryVideoView.m */ = {isa = PBXFileReference; fileEncoding = 4; lastKnownFileType = sourcecode.c.objc; path = FGalleryVideoView.m; sourceTree = "<group>"; };
		800CDDCF1481C01700FD3964 /* AVFoundation.framework */ = {isa = PBXFileReference; lastKnownFileType = wrapper.framework; name = AVFoundation.framework; path = System/Library/Frameworks/AVFoundation.framework; sourceTree = SDKROOT; };
		800CDDD21481C05B00FD3964 /* CoreMedia.framework */ = {isa = PBXFileReference; lastKnownFileType = wrapper.framework; name = CoreMedia.framework; path = System/Library/Frameworks/CoreMedia.framework; sourceTree = SDKROOT; };
		800CDDD41482AF4D00FD3964 /* PauseButton.png */ = {isa = PBXFileReference; lastKnownFileType = image.png; name = PauseButton.png; path = ../../FirstAVPlayer/FirstAVPlayer/PauseButton.png; sourceTree = "<group>"; };
		800CDDD51482AF4D00FD3964 /* PlayButton.png */ = {isa = PBXFileReference; lastKnownFileType = image.png; name = PlayButton.png; path = ../../FirstAVPlayer/FirstAVPlayer/PlayButton.png; sourceTree = "<group>"; };
		80A6B10F143E501C00CD47D0 /* MediaObject.m */ = {isa = PBXFileReference; fileEncoding = 4; lastKnownFileType = sourcecode.c.objc; path = MediaObject.m; sourceTree = "<group>"; };
		80A6B111143E784300CD47D0 /* FGalleryMedia.h */ = {isa = PBXFileReference; fileEncoding = 4; lastKnownFileType = sourcecode.c.h; path = FGalleryMedia.h; sourceTree = "<group>"; };
		80A6B112143E784300CD47D0 /* FGalleryMedia.m */ = {isa = PBXFileReference; fileEncoding = 4; lastKnownFileType = sourcecode.c.objc; path = FGalleryMedia.m; sourceTree = "<group>"; };
		80A6B11C143EC3D700CD47D0 /* MediaPlayer.framework */ = {isa = PBXFileReference; lastKnownFileType = wrapper.framework; name = MediaPlayer.framework; path = System/Library/Frameworks/MediaPlayer.framework; sourceTree = SDKROOT; };
		80A6B121143EC61800CD47D0 /* haku.mov */ = {isa = PBXFileReference; lastKnownFileType = video.quicktime; path = haku.mov; sourceTree = "<group>"; };
		80A6B123143EC66100CD47D0 /* haku.png */ = {isa = PBXFileReference; lastKnownFileType = image.png; path = haku.png; sourceTree = "<group>"; };
		80A6B125143EC7EC00CD47D0 /* MediaObject.h */ = {isa = PBXFileReference; fileEncoding = 4; lastKnownFileType = sourcecode.c.h; path = MediaObject.h; sourceTree = "<group>"; };
		80CD672E142A3C44003852A9 /* ASIHttpRequest.xcodeproj */ = {isa = PBXFileReference; lastKnownFileType = "wrapper.pb-project"; name = ASIHttpRequest.xcodeproj; path = ../ASIHttpRequest/ASIHttpRequest.xcodeproj; sourceTree = "<group>"; };
		80CD673A142A3C58003852A9 /* SystemConfiguration.framework */ = {isa = PBXFileReference; lastKnownFileType = wrapper.framework; name = SystemConfiguration.framework; path = System/Library/Frameworks/SystemConfiguration.framework; sourceTree = SDKROOT; };
		80CD673C142A3C5E003852A9 /* MobileCoreServices.framework */ = {isa = PBXFileReference; lastKnownFileType = wrapper.framework; name = MobileCoreServices.framework; path = System/Library/Frameworks/MobileCoreServices.framework; sourceTree = SDKROOT; };
		80CD673E142A3C81003852A9 /* CFNetwork.framework */ = {isa = PBXFileReference; lastKnownFileType = wrapper.framework; name = CFNetwork.framework; path = System/Library/Frameworks/CFNetwork.framework; sourceTree = SDKROOT; };
		80CD6741142A3C93003852A9 /* libz.1.2.5.dylib */ = {isa = PBXFileReference; lastKnownFileType = "compiled.mach-o.dylib"; name = libz.1.2.5.dylib; path = usr/lib/libz.1.2.5.dylib; sourceTree = SDKROOT; };
		8D1107310486CEB800E47090 /* FGallery-Info.plist */ = {isa = PBXFileReference; fileEncoding = 4; lastKnownFileType = text.plist.xml; path = "FGallery-Info.plist"; plistStructureDefinitionIdentifier = "com.apple.xcode.plist.structure-definition.iphone.info-plist"; sourceTree = "<group>"; };
/* End PBXFileReference section */

/* Begin PBXFrameworksBuildPhase section */
		1D60588F0D05DD3D006BFB54 /* Frameworks */ = {
			isa = PBXFrameworksBuildPhase;
			buildActionMask = 2147483647;
			files = (
				800CDDD11481C03100FD3964 /* AVFoundation.framework in Frameworks */,
				80CD6742142A3C93003852A9 /* libz.1.2.5.dylib in Frameworks */,
				80CD6740142A3C8A003852A9 /* libASIHttpRequest.a in Frameworks */,
				80A6B11E143EC3E700CD47D0 /* MediaPlayer.framework in Frameworks */,
				80CD673F142A3C81003852A9 /* CFNetwork.framework in Frameworks */,
				80CD673D142A3C5E003852A9 /* MobileCoreServices.framework in Frameworks */,
				80CD673B142A3C58003852A9 /* SystemConfiguration.framework in Frameworks */,
				1D60589F0D05DD5A006BFB54 /* Foundation.framework in Frameworks */,
				1DF5F4E00D08C38300B7A737 /* UIKit.framework in Frameworks */,
				2892E4100DC94CBA00A64D0F /* CoreGraphics.framework in Frameworks */,
				77AC3F5512D670D8004C32B8 /* QuartzCore.framework in Frameworks */,
				800CDDD31481C05B00FD3964 /* CoreMedia.framework in Frameworks */,
			);
			runOnlyForDeploymentPostprocessing = 0;
		};
/* End PBXFrameworksBuildPhase section */

/* Begin PBXGroup section */
		080E96DDFE201D6D7F000001 /* Classes */ = {
			isa = PBXGroup;
			children = (
				800CDDCC1481BE8700FD3964 /* FGalleryVideoView.h */,
				800CDDCD1481BE8700FD3964 /* FGalleryVideoView.m */,
				80A6B111143E784300CD47D0 /* FGalleryMedia.h */,
				80A6B112143E784300CD47D0 /* FGalleryMedia.m */,
				77AC3F3F12D66ACF004C32B8 /* FGalleryPhotoView.h */,
				77AC3F4012D66ACF004C32B8 /* FGalleryPhotoView.m */,
				77AC3F4112D66ACF004C32B8 /* FGalleryViewController.h */,
				77AC3F4212D66ACF004C32B8 /* FGalleryViewController.m */,
				28C286DF0D94DF7D0034E888 /* RootViewController.h */,
				28C286E00D94DF7D0034E888 /* RootViewController.m */,
				1D3623240D0F684500981E51 /* FGalleryAppDelegate.h */,
				1D3623250D0F684500981E51 /* FGalleryAppDelegate.m */,
				80A6B125143EC7EC00CD47D0 /* MediaObject.h */,
				80A6B10F143E501C00CD47D0 /* MediaObject.m */,
			);
			path = Classes;
			sourceTree = "<group>";
		};
		19C28FACFE9D520D11CA2CBB /* Products */ = {
			isa = PBXGroup;
			children = (
				1D6058910D05DD3D006BFB54 /* FGallery.app */,
			);
			name = Products;
			sourceTree = "<group>";
		};
		29B97314FDCFA39411CA2CEA /* CustomTemplate */ = {
			isa = PBXGroup;
			children = (
				80CD672E142A3C44003852A9 /* ASIHttpRequest.xcodeproj */,
				080E96DDFE201D6D7F000001 /* Classes */,
				29B97315FDCFA39411CA2CEA /* Other Sources */,
				29B97317FDCFA39411CA2CEA /* Resources */,
				29B97323FDCFA39411CA2CEA /* Frameworks */,
				19C28FACFE9D520D11CA2CBB /* Products */,
			);
			name = CustomTemplate;
			sourceTree = "<group>";
		};
		29B97315FDCFA39411CA2CEA /* Other Sources */ = {
			isa = PBXGroup;
			children = (
				28A0AAE50D9B0CCF005BE974 /* FGallery_Prefix.pch */,
				29B97316FDCFA39411CA2CEA /* main.m */,
			);
			name = "Other Sources";
			sourceTree = "<group>";
		};
		29B97317FDCFA39411CA2CEA /* Resources */ = {
			isa = PBXGroup;
			children = (
				800CDDD41482AF4D00FD3964 /* PauseButton.png */,
				800CDDD51482AF4D00FD3964 /* PlayButton.png */,
				77FCB8BF12D7938900AAAFF3 /* Gallery Images */,
				775D12D312D68D7200872F74 /* photo-gallery-trashcan.png */,
				775D12D412D68D7200872F74 /* photo-gallery-right.png */,
				775D12D512D68D7200872F74 /* photo-gallery-left.png */,
				775D12D612D68D7200872F74 /* photo-gallery-edit-caption.png */,
				28F335F01007B36200424DE2 /* RootViewController.xib */,
				28AD735F0D9D9599002E5188 /* MainWindow.xib */,
				8D1107310486CEB800E47090 /* FGallery-Info.plist */,
			);
			name = Resources;
			sourceTree = "<group>";
		};
		29B97323FDCFA39411CA2CEA /* Frameworks */ = {
			isa = PBXGroup;
			children = (
				800CDDD21481C05B00FD3964 /* CoreMedia.framework */,
				800CDDCF1481C01700FD3964 /* AVFoundation.framework */,
				80A6B11C143EC3D700CD47D0 /* MediaPlayer.framework */,
				80CD6741142A3C93003852A9 /* libz.1.2.5.dylib */,
				80CD673E142A3C81003852A9 /* CFNetwork.framework */,
				80CD673C142A3C5E003852A9 /* MobileCoreServices.framework */,
				80CD673A142A3C58003852A9 /* SystemConfiguration.framework */,
				1DF5F4DF0D08C38300B7A737 /* UIKit.framework */,
				1D30AB110D05D00D00671497 /* Foundation.framework */,
				2892E40F0DC94CBA00A64D0F /* CoreGraphics.framework */,
				77AC3F5412D670D8004C32B8 /* QuartzCore.framework */,
			);
			name = Frameworks;
			sourceTree = "<group>";
		};
		77FCB8BF12D7938900AAAFF3 /* Gallery Images */ = {
			isa = PBXGroup;
			children = (
				80A6B123143EC66100CD47D0 /* haku.png */,
				80A6B121143EC61800CD47D0 /* haku.mov */,
				77FCB8CF12D794C000AAAFF3 /* lava.jpeg */,
				77FCB8C812D793E100AAAFF3 /* hawaii.jpeg */,
				77FCB8BC12D7936A00AAAFF3 /* audi.jpg */,
			);
			name = "Gallery Images";
			sourceTree = "<group>";
		};
		80CD672F142A3C44003852A9 /* Products */ = {
			isa = PBXGroup;
			children = (
				80CD6737142A3C44003852A9 /* libASIHttpRequest.a */,
				80CD6739142A3C44003852A9 /* ASIHttpRequestTests.octest */,
			);
			name = Products;
			sourceTree = "<group>";
		};
/* End PBXGroup section */

/* Begin PBXNativeTarget section */
		1D6058900D05DD3D006BFB54 /* FGallery */ = {
			isa = PBXNativeTarget;
			buildConfigurationList = 1D6058960D05DD3E006BFB54 /* Build configuration list for PBXNativeTarget "FGallery" */;
			buildPhases = (
				1D60588D0D05DD3D006BFB54 /* Resources */,
				1D60588E0D05DD3D006BFB54 /* Sources */,
				1D60588F0D05DD3D006BFB54 /* Frameworks */,
			);
			buildRules = (
			);
			dependencies = (
			);
			name = FGallery;
			productName = FGallery;
			productReference = 1D6058910D05DD3D006BFB54 /* FGallery.app */;
			productType = "com.apple.product-type.application";
		};
/* End PBXNativeTarget section */

/* Begin PBXProject section */
		29B97313FDCFA39411CA2CEA /* Project object */ = {
			isa = PBXProject;
			buildConfigurationList = C01FCF4E08A954540054247B /* Build configuration list for PBXProject "FGallery" */;
			compatibilityVersion = "Xcode 3.1";
			developmentRegion = English;
			hasScannedForEncodings = 1;
			knownRegions = (
				English,
				Japanese,
				French,
				German,
				en,
			);
			mainGroup = 29B97314FDCFA39411CA2CEA /* CustomTemplate */;
			projectDirPath = "";
			projectReferences = (
				{
					ProductGroup = 80CD672F142A3C44003852A9 /* Products */;
					ProjectRef = 80CD672E142A3C44003852A9 /* ASIHttpRequest.xcodeproj */;
				},
			);
			projectRoot = "";
			targets = (
				1D6058900D05DD3D006BFB54 /* FGallery */,
			);
		};
/* End PBXProject section */

/* Begin PBXReferenceProxy section */
		80CD6737142A3C44003852A9 /* libASIHttpRequest.a */ = {
			isa = PBXReferenceProxy;
			fileType = archive.ar;
			path = libASIHttpRequest.a;
			remoteRef = 80CD6736142A3C44003852A9 /* PBXContainerItemProxy */;
			sourceTree = BUILT_PRODUCTS_DIR;
		};
		80CD6739142A3C44003852A9 /* ASIHttpRequestTests.octest */ = {
			isa = PBXReferenceProxy;
			fileType = wrapper.cfbundle;
			path = ASIHttpRequestTests.octest;
			remoteRef = 80CD6738142A3C44003852A9 /* PBXContainerItemProxy */;
			sourceTree = BUILT_PRODUCTS_DIR;
		};
/* End PBXReferenceProxy section */

/* Begin PBXResourcesBuildPhase section */
		1D60588D0D05DD3D006BFB54 /* Resources */ = {
			isa = PBXResourcesBuildPhase;
			buildActionMask = 2147483647;
			files = (
				28AD73600D9D9599002E5188 /* MainWindow.xib in Resources */,
				28F335F11007B36200424DE2 /* RootViewController.xib in Resources */,
				775D12D712D68D7200872F74 /* photo-gallery-trashcan.png in Resources */,
				775D12D812D68D7200872F74 /* photo-gallery-right.png in Resources */,
				775D12D912D68D7200872F74 /* photo-gallery-left.png in Resources */,
				775D12DA12D68D7200872F74 /* photo-gallery-edit-caption.png in Resources */,
				77FCB8BD12D7936A00AAAFF3 /* audi.jpg in Resources */,
				77FCB8C912D793E100AAAFF3 /* hawaii.jpeg in Resources */,
				77FCB8D012D794C000AAAFF3 /* lava.jpeg in Resources */,
				80A6B122143EC61800CD47D0 /* haku.mov in Resources */,
				80A6B124143EC66100CD47D0 /* haku.png in Resources */,
				800CDDD61482AF4D00FD3964 /* PauseButton.png in Resources */,
				800CDDD71482AF4D00FD3964 /* PlayButton.png in Resources */,
			);
			runOnlyForDeploymentPostprocessing = 0;
		};
/* End PBXResourcesBuildPhase section */

/* Begin PBXSourcesBuildPhase section */
		1D60588E0D05DD3D006BFB54 /* Sources */ = {
			isa = PBXSourcesBuildPhase;
			buildActionMask = 2147483647;
			files = (
				1D60589B0D05DD56006BFB54 /* main.m in Sources */,
				1D3623260D0F684500981E51 /* FGalleryAppDelegate.m in Sources */,
				28C286E10D94DF7D0034E888 /* RootViewController.m in Sources */,
				77AC3F4412D66ACF004C32B8 /* FGalleryPhotoView.m in Sources */,
				77AC3F4512D66ACF004C32B8 /* FGalleryViewController.m in Sources */,
				80A6B110143E501C00CD47D0 /* MediaObject.m in Sources */,
				80A6B113143E784300CD47D0 /* FGalleryMedia.m in Sources */,
				800CDDCE1481BE8700FD3964 /* FGalleryVideoView.m in Sources */,
			);
			runOnlyForDeploymentPostprocessing = 0;
		};
/* End PBXSourcesBuildPhase section */

/* Begin XCBuildConfiguration section */
		1D6058940D05DD3E006BFB54 /* Debug */ = {
			isa = XCBuildConfiguration;
			buildSettings = {
				ALWAYS_SEARCH_USER_PATHS = NO;
				CLANG_ENABLE_OBJC_ARC = YES;
				COPY_PHASE_STRIP = NO;
				GCC_DYNAMIC_NO_PIC = NO;
				GCC_OPTIMIZATION_LEVEL = 0;
				GCC_PRECOMPILE_PREFIX_HEADER = YES;
				GCC_PREFIX_HEADER = FGallery_Prefix.pch;
				GCC_VERSION = com.apple.compilers.llvm.clang.1_0;
				INFOPLIST_FILE = "FGallery-Info.plist";
				PRODUCT_NAME = FGallery;
			};
			name = Debug;
		};
		1D6058950D05DD3E006BFB54 /* Release */ = {
			isa = XCBuildConfiguration;
			buildSettings = {
				ALWAYS_SEARCH_USER_PATHS = NO;
				CLANG_ENABLE_OBJC_ARC = YES;
				COPY_PHASE_STRIP = YES;
				GCC_PRECOMPILE_PREFIX_HEADER = YES;
				GCC_PREFIX_HEADER = FGallery_Prefix.pch;
				GCC_VERSION = com.apple.compilers.llvm.clang.1_0;
				INFOPLIST_FILE = "FGallery-Info.plist";
				PRODUCT_NAME = FGallery;
				VALIDATE_PRODUCT = YES;
			};
			name = Release;
		};
		C01FCF4F08A954540054247B /* Debug */ = {
			isa = XCBuildConfiguration;
			buildSettings = {
				ARCHS = "$(ARCHS_STANDARD_32_BIT)";
				"CODE_SIGN_IDENTITY[sdk=iphoneos*]" = "iPhone Developer: Yuichi Fujiki (85XK573XED)";
				GCC_C_LANGUAGE_STANDARD = c99;
				GCC_WARN_ABOUT_RETURN_TYPE = YES;
				GCC_WARN_UNUSED_VARIABLE = YES;
				HEADER_SEARCH_PATHS = "../ASIHttpRequest/**";
				IPHONEOS_DEPLOYMENT_TARGET = 4.0;
				PREBINDING = NO;
				"PROVISIONING_PROFILE[sdk=iphoneos*]" = "DA88780D-63B2-49CD-8CF3-78D984BAA285";
				SDKROOT = iphoneos;
			};
			name = Debug;
		};
		C01FCF5008A954540054247B /* Release */ = {
			isa = XCBuildConfiguration;
			buildSettings = {
				ARCHS = "$(ARCHS_STANDARD_32_BIT)";
				"CODE_SIGN_IDENTITY[sdk=iphoneos*]" = "iPhone Developer: Yuichi Fujiki (85XK573XED)";
				GCC_C_LANGUAGE_STANDARD = c99;
				GCC_WARN_ABOUT_RETURN_TYPE = YES;
				GCC_WARN_UNUSED_VARIABLE = YES;
				HEADER_SEARCH_PATHS = "../ASIHttpRequest/**";
				IPHONEOS_DEPLOYMENT_TARGET = 4.0;
				OTHER_CFLAGS = "-DNS_BLOCK_ASSERTIONS=1";
				PREBINDING = NO;
				"PROVISIONING_PROFILE[sdk=iphoneos*]" = "DA88780D-63B2-49CD-8CF3-78D984BAA285";
				SDKROOT = iphoneos;
			};
			name = Release;
		};
/* End XCBuildConfiguration section */

/* Begin XCConfigurationList section */
		1D6058960D05DD3E006BFB54 /* Build configuration list for PBXNativeTarget "FGallery" */ = {
			isa = XCConfigurationList;
			buildConfigurations = (
				1D6058940D05DD3E006BFB54 /* Debug */,
				1D6058950D05DD3E006BFB54 /* Release */,
			);
			defaultConfigurationIsVisible = 0;
			defaultConfigurationName = Release;
		};
		C01FCF4E08A954540054247B /* Build configuration list for PBXProject "FGallery" */ = {
			isa = XCConfigurationList;
			buildConfigurations = (
				C01FCF4F08A954540054247B /* Debug */,
				C01FCF5008A954540054247B /* Release */,
			);
			defaultConfigurationIsVisible = 0;
			defaultConfigurationName = Release;
		};
/* End XCConfigurationList section */
	};
	rootObject = 29B97313FDCFA39411CA2CEA /* Project object */;
}
